# This file is automatically @generated by Cargo.
# It is not intended for manual editing.
version = 4

[[package]]
name = "compound_data_types"
version = "0.1.0"

[[package]]
name = "convert_i32_to_u8"
version = "0.1.0"

[[package]]
name = "data_types"
version = "0.1.0"

[[package]]
name = "functions_and_code_blocks"
version = "0.1.0"

[[package]]
name = "opentelemetry_gcloud_monitoring_exporter"
version = "0.0.0"

[[package]]
name = "overflowing_integer_in_rust"
version = "0.1.0"

[[package]]
name = "primitive_data_types"
version = "0.1.0"

[[package]]
name = "variables"
version = "0.1.0"
