# This file is automatically @generated by Cargo.
# It is not intended for manual editing.
version = 4

[[package]]
name = "common_syntaxes_for_loops_with_ranges"
version = "0.1.0"

[[package]]
name = "compound_data_types"
version = "0.1.0"

[[package]]
name = "conditionals"
version = "0.1.0"

[[package]]
name = "control_flow"
version = "0.1.0"

[[package]]
name = "convert_i32_to_u8"
version = "0.1.0"

[[package]]
name = "data_types"
version = "0.1.0"

[[package]]
name = "functions_and_code_blocks"
version = "0.1.0"

[[package]]
name = "opentelemetry_gcloud_monitoring_exporter"
version = "0.0.0"

[[package]]
name = "overflowing_integer_in_rust"
version = "0.1.0"

[[package]]
name = "practice_on_conditionals_and_control_flow_1"
version = "0.1.0"

[[package]]
name = "practice_on_conditionals_and_control_flow_2"
version = "0.1.0"

[[package]]
name = "practice_on_conditionals_and_control_flow_3"
version = "0.1.0"

[[package]]
name = "practice_on_conditionals_and_control_flow_4"
version = "0.1.0"

[[package]]
name = "practice_on_data_types_1"
version = "0.1.0"

[[package]]
name = "practice_on_data_types_2"
version = "0.1.0"

[[package]]
name = "practice_on_data_types_3"
version = "0.1.0"

[[package]]
name = "practice_on_data_types_4"
version = "0.1.0"

[[package]]
name = "practice_on_functions_1"
version = "0.1.0"

[[package]]
name = "practice_on_functions_2"
version = "0.1.0"

[[package]]
name = "practice_on_functions_3"
version = "0.1.0"

[[package]]
name = "practice_on_functions_4"
version = "0.1.0"

[[package]]
name = "practice_on_variables_1"
version = "0.1.0"

[[package]]
name = "practice_on_variables_2"
version = "0.1.0"

[[package]]
name = "practice_on_variables_3"
version = "0.1.0"

[[package]]
name = "practice_on_variables_4"
version = "0.1.0"

[[package]]
name = "primitive_data_types"
version = "0.1.0"

[[package]]
name = "variables"
version = "0.1.0"
